github.com/riywo/loginshell v0.0.0-20200815045211-7d26008be1ab h1:ZjX6I48eZSFetPb41dHudEyVr5v953N15TsNZXlkcWY=
github.com/riywo/loginshell v0.0.0-20200815045211-7d26008be1ab/go.mod h1:/PfPXh0EntGc3QAAyUaviy4S9tzy4Zp0e2ilq4voC6E=
mvdan.cc/sh/v3 v3.8.0 h1:ZxuJipLZwr/HLbASonmXtcvvC9HXY9d2lXZHnKGjFc8=
mvdan.cc/sh/v3 v3.8.0/go.mod h1:w04623xkgBVo7/IUK89E0g8hBykgEpN0vgOj3RJr6MY=
